[[package]]
name = "dnspython"
version = "2.2.1"
description = "DNS toolkit"
category = "main"
optional = false
python-versions = ">=3.6,<4.0"

[package.extras]
curio = ["curio (>=1.2,<2.0)", "sniffio (>=1.1,<2.0)"]
dnssec = ["cryptography (>=2.6,<37.0)"]
doh = ["h2 (>=4.1.0)", "httpx (>=0.21.1)", "requests (>=2.23.0,<3.0.0)", "requests-toolbelt (>=0.9.1,<0.10.0)"]
idna = ["idna (>=2.1,<4.0)"]
trio = ["trio (>=0.14,<0.20)"]
wmi = ["wmi (>=1.5.1,<2.0.0)"]

[[package]]
name = "netifaces"
version = "0.11.0"
description = "Portable network interface information."
category = "main"
optional = false
python-versions = "*"

[[package]]
name = "psutil"
version = "5.9.4"
description = "Cross-platform lib for process and system monitoring in Python."
category = "main"
optional = false
python-versions = ">=2.7, !=3.0.*, !=3.1.*, !=3.2.*, !=3.3.*"

[package.extras]
test = ["enum34", "ipaddress", "mock", "pywin32", "wmi"]

[metadata]
lock-version = "1.1"
python-versions = "^3.7"
content-hash = "fea3f7abe21da44f3580b5828547c092bd3cd246022648b61d9a6c567e4fa267"

[metadata.files]
dnspython = [
    {file = "dnspython-2.2.1-py3-none-any.whl", hash = "sha256:a851e51367fb93e9e1361732c1d60dab63eff98712e503ea7d92e6eccb109b4f"},
    {file = "dnspython-2.2.1.tar.gz", hash = "sha256:0f7569a4a6ff151958b64304071d370daa3243d15941a7beedf0c9fe5105603e"},
]
netifaces = [
    {file = "netifaces-0.11.0-cp27-cp27m-manylinux_2_5_i686.manylinux1_i686.whl", hash = "sha256:eb4813b77d5df99903af4757ce980a98c4d702bbcb81f32a0b305a1537bdf0b1"},
    {file = "netifaces-0.11.0-cp27-cp27m-manylinux_2_5_x86_64.manylinux1_x86_64.whl", hash = "sha256:5f9ca13babe4d845e400921973f6165a4c2f9f3379c7abfc7478160e25d196a4"},
    {file = "netifaces-0.11.0-cp27-cp27m-win32.whl", hash = "sha256:7dbb71ea26d304e78ccccf6faccef71bb27ea35e259fb883cfd7fd7b4f17ecb1"},
    {file = "netifaces-0.11.0-cp27-cp27m-win_amd64.whl", hash = "sha256:0f6133ac02521270d9f7c490f0c8c60638ff4aec8338efeff10a1b51506abe85"},
    {file = "netifaces-0.11.0-cp27-cp27mu-manylinux_2_5_i686.manylinux1_i686.whl", hash = "sha256:08e3f102a59f9eaef70948340aeb6c89bd09734e0dca0f3b82720305729f63ea"},
    {file = "netifaces-0.11.0-cp27-cp27mu-manylinux_2_5_x86_64.manylinux1_x86_64.whl", hash = "sha256:c03fb2d4ef4e393f2e6ffc6376410a22a3544f164b336b3a355226653e5efd89"},
    {file = "netifaces-0.11.0-cp34-cp34m-win32.whl", hash = "sha256:73ff21559675150d31deea8f1f8d7e9a9a7e4688732a94d71327082f517fc6b4"},
    {file = "netifaces-0.11.0-cp35-cp35m-manylinux_2_5_i686.manylinux1_i686.whl", hash = "sha256:815eafdf8b8f2e61370afc6add6194bd5a7252ae44c667e96c4c1ecf418811e4"},
    {file = "netifaces-0.11.0-cp35-cp35m-manylinux_2_5_x86_64.manylinux1_x86_64.whl", hash = "sha256:50721858c935a76b83dd0dd1ab472cad0a3ef540a1408057624604002fcfb45b"},
    {file = "netifaces-0.11.0-cp35-cp35m-win32.whl", hash = "sha256:c9a3a47cd3aaeb71e93e681d9816c56406ed755b9442e981b07e3618fb71d2ac"},
    {file = "netifaces-0.11.0-cp36-cp36m-macosx_10_15_x86_64.whl", hash = "sha256:aab1dbfdc55086c789f0eb37affccf47b895b98d490738b81f3b2360100426be"},
    {file = "netifaces-0.11.0-cp36-cp36m-manylinux_2_5_i686.manylinux1_i686.whl", hash = "sha256:c37a1ca83825bc6f54dddf5277e9c65dec2f1b4d0ba44b8fd42bc30c91aa6ea1"},
    {file = "netifaces-0.11.0-cp36-cp36m-manylinux_2_5_x86_64.manylinux1_x86_64.whl", hash = "sha256:28f4bf3a1361ab3ed93c5ef360c8b7d4a4ae060176a3529e72e5e4ffc4afd8b0"},
    {file = "netifaces-0.11.0-cp36-cp36m-win32.whl", hash = "sha256:2650beee182fed66617e18474b943e72e52f10a24dc8cac1db36c41ee9c041b7"},
    {file = "netifaces-0.11.0-cp36-cp36m-win_amd64.whl", hash = "sha256:cb925e1ca024d6f9b4f9b01d83215fd00fe69d095d0255ff3f64bffda74025c8"},
    {file = "netifaces-0.11.0-cp37-cp37m-macosx_10_15_x86_64.whl", hash = "sha256:84e4d2e6973eccc52778735befc01638498781ce0e39aa2044ccfd2385c03246"},
    {file = "netifaces-0.11.0-cp37-cp37m-manylinux_2_5_i686.manylinux1_i686.whl", hash = "sha256:18917fbbdcb2d4f897153c5ddbb56b31fa6dd7c3fa9608b7e3c3a663df8206b5"},
    {file = "netifaces-0.11.0-cp37-cp37m-manylinux_2_5_x86_64.manylinux1_x86_64.whl", hash = "sha256:48324183af7f1bc44f5f197f3dad54a809ad1ef0c78baee2c88f16a5de02c4c9"},
    {file = "netifaces-0.11.0-cp37-cp37m-win32.whl", hash = "sha256:8f7da24eab0d4184715d96208b38d373fd15c37b0dafb74756c638bd619ba150"},
    {file = "netifaces-0.11.0-cp37-cp37m-win_amd64.whl", hash = "sha256:2479bb4bb50968089a7c045f24d120f37026d7e802ec134c4490eae994c729b5"},
    {file = "netifaces-0.11.0-cp38-cp38-macosx_10_15_x86_64.whl", hash = "sha256:3ecb3f37c31d5d51d2a4d935cfa81c9bc956687c6f5237021b36d6fdc2815b2c"},
    {file = "netifaces-0.11.0-cp38-cp38-manylinux_2_5_i686.manylinux1_i686.whl", hash = "sha256:96c0fe9696398253f93482c84814f0e7290eee0bfec11563bd07d80d701280c3"},
    {file = "netifaces-0.11.0-cp38-cp38-manylinux_2_5_x86_64.manylinux1_x86_64.whl", hash = "sha256:c92ff9ac7c2282009fe0dcb67ee3cd17978cffbe0c8f4b471c00fe4325c9b4d4"},
    {file = "netifaces-0.11.0-cp38-cp38-win32.whl", hash = "sha256:d07b01c51b0b6ceb0f09fc48ec58debd99d2c8430b09e56651addeaf5de48048"},
    {file = "netifaces-0.11.0-cp38-cp38-win_amd64.whl", hash = "sha256:469fc61034f3daf095e02f9f1bbac07927b826c76b745207287bc594884cfd05"},
    {file = "netifaces-0.11.0-cp39-cp39-macosx_10_15_x86_64.whl", hash = "sha256:5be83986100ed1fdfa78f11ccff9e4757297735ac17391b95e17e74335c2047d"},
    {file = "netifaces-0.11.0-cp39-cp39-macosx_11_0_arm64.whl", hash = "sha256:54ff6624eb95b8a07e79aa8817288659af174e954cca24cdb0daeeddfc03c4ff"},
    {file = "netifaces-0.11.0-cp39-cp39-manylinux_2_5_i686.manylinux1_i686.whl", hash = "sha256:841aa21110a20dc1621e3dd9f922c64ca64dd1eb213c47267a2c324d823f6c8f"},
    {file = "netifaces-0.11.0-cp39-cp39-manylinux_2_5_x86_64.manylinux1_x86_64.whl", hash = "sha256:e76c7f351e0444721e85f975ae92718e21c1f361bda946d60a214061de1f00a1"},
    {file = "netifaces-0.11.0.tar.gz", hash = "sha256:043a79146eb2907edf439899f262b3dfe41717d34124298ed281139a8b93ca32"},
]
psutil = [
    {file = "psutil-5.9.4-cp27-cp27m-macosx_10_9_x86_64.whl", hash = "sha256:c1ca331af862803a42677c120aff8a814a804e09832f166f226bfd22b56feee8"},
    {file = "psutil-5.9.4-cp27-cp27m-manylinux2010_i686.whl", hash = "sha256:68908971daf802203f3d37e78d3f8831b6d1014864d7a85937941bb35f09aefe"},
    {file = "psutil-5.9.4-cp27-cp27m-manylinux2010_x86_64.whl", hash = "sha256:3ff89f9b835100a825b14c2808a106b6fdcc4b15483141482a12c725e7f78549"},
    {file = "psutil-5.9.4-cp27-cp27m-win32.whl", hash = "sha256:852dd5d9f8a47169fe62fd4a971aa07859476c2ba22c2254d4a1baa4e10b95ad"},
    {file = "psutil-5.9.4-cp27-cp27m-win_amd64.whl", hash = "sha256:9120cd39dca5c5e1c54b59a41d205023d436799b1c8c4d3ff71af18535728e94"},
    {file = "psutil-5.9.4-cp27-cp27mu-manylinux2010_i686.whl", hash = "sha256:6b92c532979bafc2df23ddc785ed116fced1f492ad90a6830cf24f4d1ea27d24"},
    {file = "psutil-5.9.4-cp27-cp27mu-manylinux2010_x86_64.whl", hash = "sha256:efeae04f9516907be44904cc7ce08defb6b665128992a56957abc9b61dca94b7"},
    {file = "psutil-5.9.4-cp36-abi3-macosx_10_9_x86_64.whl", hash = "sha256:54d5b184728298f2ca8567bf83c422b706200bcbbfafdc06718264f9393cfeb7"},
    {file = "psutil-5.9.4-cp36-abi3-manylinux_2_12_i686.manylinux2010_i686.manylinux_2_17_i686.manylinux2014_i686.whl", hash = "sha256:16653106f3b59386ffe10e0bad3bb6299e169d5327d3f187614b1cb8f24cf2e1"},
    {file = "psutil-5.9.4-cp36-abi3-manylinux_2_12_x86_64.manylinux2010_x86_64.manylinux_2_17_x86_64.manylinux2014_x86_64.whl", hash = "sha256:54c0d3d8e0078b7666984e11b12b88af2db11d11249a8ac8920dd5ef68a66e08"},
    {file = "psutil-5.9.4-cp36-abi3-win32.whl", hash = "sha256:149555f59a69b33f056ba1c4eb22bb7bf24332ce631c44a319cec09f876aaeff"},
    {file = "psutil-5.9.4-cp36-abi3-win_amd64.whl", hash = "sha256:fd8522436a6ada7b4aad6638662966de0d61d241cb821239b2ae7013d41a43d4"},
    {file = "psutil-5.9.4-cp38-abi3-macosx_11_0_arm64.whl", hash = "sha256:6001c809253a29599bc0dfd5179d9f8a5779f9dffea1da0f13c53ee568115e1e"},
    {file = "psutil-5.9.4.tar.gz", hash = "sha256:3d7f9739eb435d4b1338944abe23f49584bde5395f27487d2ee25ad9a8774a62"},
]
